
Microsoft Visual Studio Solution File, Format Version 12.00
# Visual Studio Version 16
VisualStudioVersion = 16.0.31515.178
MinimumVisualStudioVersion = 10.0.40219.1
Project("{FAE04EC0-301F-11D3-BF4B-00C04F79EFBC}") = "Day3_Model_First", "Day3_Model_First\Day3_Model_First.csproj", "{D1AFEF04-C83F-4ED9-8615-F1963609D800}"
EndProject
Global
	GlobalSection(SolutionConfigurationPlatforms) = preSolution
		Debug|Any CPU = Debug|Any CPU
		Release|Any CPU = Release|Any CPU
	EndGlobalSection
	GlobalSection(ProjectConfigurationPlatforms) = postSolution
		{D1AFEF04-C83F-4ED9-8615-F1963609D800}.Debug|Any CPU.ActiveCfg = Debug|Any CPU
		{D1AFEF04-C83F-4ED9-8615-F1963609D800}.Debug|Any CPU.Build.0 = Debug|Any CPU
		{D1AFEF04-C83F-4ED9-8615-F1963609D800}.Release|Any CPU.ActiveCfg = Release|Any CPU
		{D1AFEF04-C83F-4ED9-8615-F1963609D800}.Release|Any CPU.Build.0 = Release|Any CPU
	EndGlobalSection
	GlobalSection(SolutionProperties) = preSolution
		HideSolutionNode = FALSE
	EndGlobalSection
	GlobalSection(ExtensibilityGlobals) = postSolution
		SolutionGuid = {FFCFBE1D-1DA9-4366-B350-62C34AC23862}
	EndGlobalSection
EndGlobal
