
Microsoft Visual Studio Solution File, Format Version 12.00
# Visual Studio Version 16
VisualStudioVersion = 16.0.31515.178
MinimumVisualStudioVersion = 10.0.40219.1
Project("{FAE04EC0-301F-11D3-BF4B-00C04F79EFBC}") = "WindowsFormsApp1", "WindowsFormsApp1\WindowsFormsApp1.csproj", "{D8ECADAA-7D15-4428-8949-D96E4AE7DFFC}"
EndProject
Global
	GlobalSection(SolutionConfigurationPlatforms) = preSolution
		Debug|Any CPU = Debug|Any CPU
		Release|Any CPU = Release|Any CPU
	EndGlobalSection
	GlobalSection(ProjectConfigurationPlatforms) = postSolution
		{D8ECADAA-7D15-4428-8949-D96E4AE7DFFC}.Debug|Any CPU.ActiveCfg = Debug|Any CPU
		{D8ECADAA-7D15-4428-8949-D96E4AE7DFFC}.Debug|Any CPU.Build.0 = Debug|Any CPU
		{D8ECADAA-7D15-4428-8949-D96E4AE7DFFC}.Release|Any CPU.ActiveCfg = Release|Any CPU
		{D8ECADAA-7D15-4428-8949-D96E4AE7DFFC}.Release|Any CPU.Build.0 = Release|Any CPU
	EndGlobalSection
	GlobalSection(SolutionProperties) = preSolution
		HideSolutionNode = FALSE
	EndGlobalSection
	GlobalSection(ExtensibilityGlobals) = postSolution
		SolutionGuid = {27D5E03F-4C13-4C69-B2CC-F7805D4DCFA2}
	EndGlobalSection
EndGlobal
