
Microsoft Visual Studio Solution File, Format Version 12.00
# Visual Studio Version 16
VisualStudioVersion = 16.0.31515.178
MinimumVisualStudioVersion = 10.0.40219.1
Project("{FAE04EC0-301F-11D3-BF4B-00C04F79EFBC}") = "Crud_Disconnected", "Crud_Disconnected\Crud_Disconnected.csproj", "{7CE6FEDF-115A-4E2F-8312-77BEA7A90860}"
EndProject
Global
	GlobalSection(SolutionConfigurationPlatforms) = preSolution
		Debug|Any CPU = Debug|Any CPU
		Release|Any CPU = Release|Any CPU
	EndGlobalSection
	GlobalSection(ProjectConfigurationPlatforms) = postSolution
		{7CE6FEDF-115A-4E2F-8312-77BEA7A90860}.Debug|Any CPU.ActiveCfg = Debug|Any CPU
		{7CE6FEDF-115A-4E2F-8312-77BEA7A90860}.Debug|Any CPU.Build.0 = Debug|Any CPU
		{7CE6FEDF-115A-4E2F-8312-77BEA7A90860}.Release|Any CPU.ActiveCfg = Release|Any CPU
		{7CE6FEDF-115A-4E2F-8312-77BEA7A90860}.Release|Any CPU.Build.0 = Release|Any CPU
	EndGlobalSection
	GlobalSection(SolutionProperties) = preSolution
		HideSolutionNode = FALSE
	EndGlobalSection
	GlobalSection(ExtensibilityGlobals) = postSolution
		SolutionGuid = {2FA9C383-E1D0-4E12-A049-F3901F4BA72E}
	EndGlobalSection
EndGlobal
