
Microsoft Visual Studio Solution File, Format Version 12.00
# Visual Studio Version 16
VisualStudioVersion = 16.0.31515.178
MinimumVisualStudioVersion = 10.0.40219.1
Project("{FAE04EC0-301F-11D3-BF4B-00C04F79EFBC}") = "DatabaseFirst", "DatabaseFirst\DatabaseFirst.csproj", "{7AD9A17F-CEA4-411F-A691-4DAC81392B2D}"
EndProject
Global
	GlobalSection(SolutionConfigurationPlatforms) = preSolution
		Debug|Any CPU = Debug|Any CPU
		Release|Any CPU = Release|Any CPU
	EndGlobalSection
	GlobalSection(ProjectConfigurationPlatforms) = postSolution
		{7AD9A17F-CEA4-411F-A691-4DAC81392B2D}.Debug|Any CPU.ActiveCfg = Debug|Any CPU
		{7AD9A17F-CEA4-411F-A691-4DAC81392B2D}.Debug|Any CPU.Build.0 = Debug|Any CPU
		{7AD9A17F-CEA4-411F-A691-4DAC81392B2D}.Release|Any CPU.ActiveCfg = Release|Any CPU
		{7AD9A17F-CEA4-411F-A691-4DAC81392B2D}.Release|Any CPU.Build.0 = Release|Any CPU
	EndGlobalSection
	GlobalSection(SolutionProperties) = preSolution
		HideSolutionNode = FALSE
	EndGlobalSection
	GlobalSection(ExtensibilityGlobals) = postSolution
		SolutionGuid = {BD74DA05-1B20-448B-AAF9-0C646C208354}
	EndGlobalSection
EndGlobal
