
Microsoft Visual Studio Solution File, Format Version 12.00
# Visual Studio Version 16
VisualStudioVersion = 16.0.31515.178
MinimumVisualStudioVersion = 10.0.40219.1
Project("{FAE04EC0-301F-11D3-BF4B-00C04F79EFBC}") = "ConsoleAppDay8", "ConsoleAppDay8\ConsoleAppDay8.csproj", "{1ECB0F82-D49C-4D32-843B-25DC2881C79E}"
EndProject
Global
	GlobalSection(SolutionConfigurationPlatforms) = preSolution
		Debug|Any CPU = Debug|Any CPU
		Release|Any CPU = Release|Any CPU
	EndGlobalSection
	GlobalSection(ProjectConfigurationPlatforms) = postSolution
		{1ECB0F82-D49C-4D32-843B-25DC2881C79E}.Debug|Any CPU.ActiveCfg = Debug|Any CPU
		{1ECB0F82-D49C-4D32-843B-25DC2881C79E}.Debug|Any CPU.Build.0 = Debug|Any CPU
		{1ECB0F82-D49C-4D32-843B-25DC2881C79E}.Release|Any CPU.ActiveCfg = Release|Any CPU
		{1ECB0F82-D49C-4D32-843B-25DC2881C79E}.Release|Any CPU.Build.0 = Release|Any CPU
	EndGlobalSection
	GlobalSection(SolutionProperties) = preSolution
		HideSolutionNode = FALSE
	EndGlobalSection
	GlobalSection(ExtensibilityGlobals) = postSolution
		SolutionGuid = {3B75734C-2F8A-4390-A5E1-12F946FCFE32}
	EndGlobalSection
EndGlobal
