
Microsoft Visual Studio Solution File, Format Version 12.00
# Visual Studio Version 16
VisualStudioVersion = 16.0.31515.178
MinimumVisualStudioVersion = 10.0.40219.1
Project("{FAE04EC0-301F-11D3-BF4B-00C04F79EFBC}") = "WindowsFormsApp3", "WindowsFormsApp3\WindowsFormsApp3.csproj", "{21F09054-1F66-4A5E-9122-BD2050E782FC}"
EndProject
Global
	GlobalSection(SolutionConfigurationPlatforms) = preSolution
		Debug|Any CPU = Debug|Any CPU
		Release|Any CPU = Release|Any CPU
	EndGlobalSection
	GlobalSection(ProjectConfigurationPlatforms) = postSolution
		{21F09054-1F66-4A5E-9122-BD2050E782FC}.Debug|Any CPU.ActiveCfg = Debug|Any CPU
		{21F09054-1F66-4A5E-9122-BD2050E782FC}.Debug|Any CPU.Build.0 = Debug|Any CPU
		{21F09054-1F66-4A5E-9122-BD2050E782FC}.Release|Any CPU.ActiveCfg = Release|Any CPU
		{21F09054-1F66-4A5E-9122-BD2050E782FC}.Release|Any CPU.Build.0 = Release|Any CPU
	EndGlobalSection
	GlobalSection(SolutionProperties) = preSolution
		HideSolutionNode = FALSE
	EndGlobalSection
	GlobalSection(ExtensibilityGlobals) = postSolution
		SolutionGuid = {936C7948-0370-4038-B3AE-5C8789AECA3F}
	EndGlobalSection
EndGlobal
