
Microsoft Visual Studio Solution File, Format Version 12.00
# Visual Studio Version 16
VisualStudioVersion = 16.0.31515.178
MinimumVisualStudioVersion = 10.0.40219.1
Project("{FAE04EC0-301F-11D3-BF4B-00C04F79EFBC}") = "ConsoleAppDay5", "ConsoleAppDay5\ConsoleAppDay5.csproj", "{7B7CF3FC-0C69-402F-859A-60310246252A}"
EndProject
Global
	GlobalSection(SolutionConfigurationPlatforms) = preSolution
		Debug|Any CPU = Debug|Any CPU
		Release|Any CPU = Release|Any CPU
	EndGlobalSection
	GlobalSection(ProjectConfigurationPlatforms) = postSolution
		{7B7CF3FC-0C69-402F-859A-60310246252A}.Debug|Any CPU.ActiveCfg = Debug|Any CPU
		{7B7CF3FC-0C69-402F-859A-60310246252A}.Debug|Any CPU.Build.0 = Debug|Any CPU
		{7B7CF3FC-0C69-402F-859A-60310246252A}.Release|Any CPU.ActiveCfg = Release|Any CPU
		{7B7CF3FC-0C69-402F-859A-60310246252A}.Release|Any CPU.Build.0 = Release|Any CPU
	EndGlobalSection
	GlobalSection(SolutionProperties) = preSolution
		HideSolutionNode = FALSE
	EndGlobalSection
	GlobalSection(ExtensibilityGlobals) = postSolution
		SolutionGuid = {F348F76A-392A-438B-BF81-D51304AEBD07}
	EndGlobalSection
EndGlobal
