
Microsoft Visual Studio Solution File, Format Version 12.00
# Visual Studio Version 16
VisualStudioVersion = 16.0.31515.178
MinimumVisualStudioVersion = 10.0.40219.1
Project("{FAE04EC0-301F-11D3-BF4B-00C04F79EFBC}") = "AbstractFactoryPattern", "AbstractFactoryPattern\AbstractFactoryPattern.csproj", "{153521A9-8D0C-44E6-8EE9-228528E4F0EE}"
EndProject
Project("{FAE04EC0-301F-11D3-BF4B-00C04F79EFBC}") = "DIProject", "DIProject\DIProject.csproj", "{7917CE9D-9AA6-4649-AF71-6FCFE9B574D7}"
EndProject
Project("{FAE04EC0-301F-11D3-BF4B-00C04F79EFBC}") = "DI_With_Unity", "DI_With_Unity\DI_With_Unity.csproj", "{C104E110-F20B-43D8-9FAC-EB1D7B1862C3}"
EndProject
Global
	GlobalSection(SolutionConfigurationPlatforms) = preSolution
		Debug|Any CPU = Debug|Any CPU
		Release|Any CPU = Release|Any CPU
	EndGlobalSection
	GlobalSection(ProjectConfigurationPlatforms) = postSolution
		{153521A9-8D0C-44E6-8EE9-228528E4F0EE}.Debug|Any CPU.ActiveCfg = Debug|Any CPU
		{153521A9-8D0C-44E6-8EE9-228528E4F0EE}.Debug|Any CPU.Build.0 = Debug|Any CPU
		{153521A9-8D0C-44E6-8EE9-228528E4F0EE}.Release|Any CPU.ActiveCfg = Release|Any CPU
		{153521A9-8D0C-44E6-8EE9-228528E4F0EE}.Release|Any CPU.Build.0 = Release|Any CPU
		{7917CE9D-9AA6-4649-AF71-6FCFE9B574D7}.Debug|Any CPU.ActiveCfg = Debug|Any CPU
		{7917CE9D-9AA6-4649-AF71-6FCFE9B574D7}.Debug|Any CPU.Build.0 = Debug|Any CPU
		{7917CE9D-9AA6-4649-AF71-6FCFE9B574D7}.Release|Any CPU.ActiveCfg = Release|Any CPU
		{7917CE9D-9AA6-4649-AF71-6FCFE9B574D7}.Release|Any CPU.Build.0 = Release|Any CPU
		{C104E110-F20B-43D8-9FAC-EB1D7B1862C3}.Debug|Any CPU.ActiveCfg = Debug|Any CPU
		{C104E110-F20B-43D8-9FAC-EB1D7B1862C3}.Debug|Any CPU.Build.0 = Debug|Any CPU
		{C104E110-F20B-43D8-9FAC-EB1D7B1862C3}.Release|Any CPU.ActiveCfg = Release|Any CPU
		{C104E110-F20B-43D8-9FAC-EB1D7B1862C3}.Release|Any CPU.Build.0 = Release|Any CPU
	EndGlobalSection
	GlobalSection(SolutionProperties) = preSolution
		HideSolutionNode = FALSE
	EndGlobalSection
	GlobalSection(ExtensibilityGlobals) = postSolution
		SolutionGuid = {F2337D78-6BDC-48C1-85FE-200247F5437F}
	EndGlobalSection
EndGlobal
