
Microsoft Visual Studio Solution File, Format Version 12.00
# Visual Studio Version 16
VisualStudioVersion = 16.0.31515.178
MinimumVisualStudioVersion = 10.0.40219.1
Project("{FAE04EC0-301F-11D3-BF4B-00C04F79EFBC}") = "Day3Others", "Day3Others\Day3Others.csproj", "{7EA6C7D4-7113-4162-B1CC-4302BA664B43}"
EndProject
Global
	GlobalSection(SolutionConfigurationPlatforms) = preSolution
		Debug|Any CPU = Debug|Any CPU
		Release|Any CPU = Release|Any CPU
	EndGlobalSection
	GlobalSection(ProjectConfigurationPlatforms) = postSolution
		{7EA6C7D4-7113-4162-B1CC-4302BA664B43}.Debug|Any CPU.ActiveCfg = Debug|Any CPU
		{7EA6C7D4-7113-4162-B1CC-4302BA664B43}.Debug|Any CPU.Build.0 = Debug|Any CPU
		{7EA6C7D4-7113-4162-B1CC-4302BA664B43}.Release|Any CPU.ActiveCfg = Release|Any CPU
		{7EA6C7D4-7113-4162-B1CC-4302BA664B43}.Release|Any CPU.Build.0 = Release|Any CPU
	EndGlobalSection
	GlobalSection(SolutionProperties) = preSolution
		HideSolutionNode = FALSE
	EndGlobalSection
	GlobalSection(ExtensibilityGlobals) = postSolution
		SolutionGuid = {108A124E-8247-487A-A6A8-4B94E3418A3E}
	EndGlobalSection
EndGlobal
