
Microsoft Visual Studio Solution File, Format Version 12.00
# Visual Studio Version 16
VisualStudioVersion = 16.0.31515.178
MinimumVisualStudioVersion = 10.0.40219.1
Project("{FAE04EC0-301F-11D3-BF4B-00C04F79EFBC}") = "WebAPI_Client", "WebAPI_Client\WebAPI_Client.csproj", "{1F018497-28C2-475E-AFBA-6228B4D21E44}"
EndProject
Global
	GlobalSection(SolutionConfigurationPlatforms) = preSolution
		Debug|Any CPU = Debug|Any CPU
		Release|Any CPU = Release|Any CPU
	EndGlobalSection
	GlobalSection(ProjectConfigurationPlatforms) = postSolution
		{1F018497-28C2-475E-AFBA-6228B4D21E44}.Debug|Any CPU.ActiveCfg = Debug|Any CPU
		{1F018497-28C2-475E-AFBA-6228B4D21E44}.Debug|Any CPU.Build.0 = Debug|Any CPU
		{1F018497-28C2-475E-AFBA-6228B4D21E44}.Release|Any CPU.ActiveCfg = Release|Any CPU
		{1F018497-28C2-475E-AFBA-6228B4D21E44}.Release|Any CPU.Build.0 = Release|Any CPU
	EndGlobalSection
	GlobalSection(SolutionProperties) = preSolution
		HideSolutionNode = FALSE
	EndGlobalSection
	GlobalSection(ExtensibilityGlobals) = postSolution
		SolutionGuid = {3FE30344-57E3-4504-98FF-90253FF296FE}
	EndGlobalSection
EndGlobal
